// !$*UTF8*$!
{
	archiveVersion = 1;
	classes = {
	};
	objectVersion = 56;
	objects = {

/* Begin PBXBuildFile section */
		BF327FE12C139BFB0029CDFA /* main.cpp in Sources */ = {isa = PBXBuildFile; fileRef = BF327FE02C139BFB0029CDFA /* main.cpp */; };
		BF327FE92C14A7610029CDFA /* libraylib.a in Frameworks */ = {isa = PBXBuildFile; fileRef = BF327FE82C14A7610029CDFA /* libraylib.a */; };
		BF327FEF2C14DF9D0029CDFA /* grid.cpp in Sources */ = {isa = PBXBuildFile; fileRef = BF327FED2C14DF9D0029CDFA /* grid.cpp */; };
		BF327FF22C15E7AC0029CDFA /* block.cpp in Sources */ = {isa = PBXBuildFile; fileRef = BF327FF02C15E7AC0029CDFA /* block.cpp */; };
		BF327FF52C15E8C10029CDFA /* position.cpp in Sources */ = {isa = PBXBuildFile; fileRef = BF327FF32C15E8C10029CDFA /* position.cpp */; };
		BF327FF82C15EFB10029CDFA /* colors.cpp in Sources */ = {isa = PBXBuildFile; fileRef = BF327FF62C15EFB10029CDFA /* colors.cpp */; };
		BF327FFB2C15FE6E0029CDFA /* blocks.cpp in Sources */ = {isa = PBXBuildFile; fileRef = BF327FF92C15FE6E0029CDFA /* blocks.cpp */; };
		BF9449382C188D1F009930BA /* game.cpp in Sources */ = {isa = PBXBuildFile; fileRef = BF9449362C188D1F009930BA /* game.cpp */; };
/* End PBXBuildFile section */

/* Begin PBXCopyFilesBuildPhase section */
		BF327FDB2C139BFB0029CDFA /* CopyFiles */ = {
			isa = PBXCopyFilesBuildPhase;
			buildActionMask = 2147483647;
			dstPath = /usr/share/man/man1/;
			dstSubfolderSpec = 0;
			files = (
			);
			runOnlyForDeploymentPostprocessing = 1;
		};
/* End PBXCopyFilesBuildPhase section */

/* Begin PBXFileReference section */
		BF327FDD2C139BFB0029CDFA /* Tetris-Game-OOP-C++ */ = {isa = PBXFileReference; explicitFileType = "compiled.mach-o.executable"; includeInIndex = 0; path = "Tetris-Game-OOP-C++"; sourceTree = BUILT_PRODUCTS_DIR; };
		BF327FE02C139BFB0029CDFA /* main.cpp */ = {isa = PBXFileReference; lastKnownFileType = sourcecode.cpp.cpp; path = main.cpp; sourceTree = "<group>"; };
		BF327FE82C14A7610029CDFA /* libraylib.a */ = {isa = PBXFileReference; lastKnownFileType = archive.ar; name = libraylib.a; path = ../../../../../usr/local/Cellar/raylib/5.0/lib/libraylib.a; sourceTree = "<group>"; };
		BF327FED2C14DF9D0029CDFA /* grid.cpp */ = {isa = PBXFileReference; lastKnownFileType = sourcecode.cpp.cpp; path = grid.cpp; sourceTree = "<group>"; };
		BF327FEE2C14DF9D0029CDFA /* grid.hpp */ = {isa = PBXFileReference; lastKnownFileType = sourcecode.cpp.h; path = grid.hpp; sourceTree = "<group>"; };
		BF327FF02C15E7AC0029CDFA /* block.cpp */ = {isa = PBXFileReference; lastKnownFileType = sourcecode.cpp.cpp; path = block.cpp; sourceTree = "<group>"; };
		BF327FF12C15E7AC0029CDFA /* block.hpp */ = {isa = PBXFileReference; lastKnownFileType = sourcecode.cpp.h; path = block.hpp; sourceTree = "<group>"; };
		BF327FF32C15E8C10029CDFA /* position.cpp */ = {isa = PBXFileReference; lastKnownFileType = sourcecode.cpp.cpp; path = position.cpp; sourceTree = "<group>"; };
		BF327FF42C15E8C10029CDFA /* position.hpp */ = {isa = PBXFileReference; lastKnownFileType = sourcecode.cpp.h; path = position.hpp; sourceTree = "<group>"; };
		BF327FF62C15EFB10029CDFA /* colors.cpp */ = {isa = PBXFileReference; lastKnownFileType = sourcecode.cpp.cpp; path = colors.cpp; sourceTree = "<group>"; };
		BF327FF72C15EFB10029CDFA /* colors.hpp */ = {isa = PBXFileReference; lastKnownFileType = sourcecode.cpp.h; path = colors.hpp; sourceTree = "<group>"; };
		BF327FF92C15FE6E0029CDFA /* blocks.cpp */ = {isa = PBXFileReference; lastKnownFileType = sourcecode.cpp.cpp; path = blocks.cpp; sourceTree = "<group>"; };
		BF327FFA2C15FE6E0029CDFA /* blocks.hpp */ = {isa = PBXFileReference; lastKnownFileType = sourcecode.cpp.h; path = blocks.hpp; sourceTree = "<group>"; };
		BF9449362C188D1F009930BA /* game.cpp */ = {isa = PBXFileReference; lastKnownFileType = sourcecode.cpp.cpp; path = game.cpp; sourceTree = "<group>"; };
		BF9449372C188D1F009930BA /* game.hpp */ = {isa = PBXFileReference; lastKnownFileType = sourcecode.cpp.h; path = game.hpp; sourceTree = "<group>"; };
/* End PBXFileReference section */

/* Begin PBXFrameworksBuildPhase section */
		BF327FDA2C139BFB0029CDFA /* Frameworks */ = {
			isa = PBXFrameworksBuildPhase;
			buildActionMask = 2147483647;
			files = (
				BF327FE92C14A7610029CDFA /* libraylib.a in Frameworks */,
			);
			runOnlyForDeploymentPostprocessing = 0;
		};
/* End PBXFrameworksBuildPhase section */

/* Begin PBXGroup section */
		BF327FD42C139BFB0029CDFA = {
			isa = PBXGroup;
			children = (
				BF327FDF2C139BFB0029CDFA /* Tetris-Game-OOP-C++ */,
				BF327FDE2C139BFB0029CDFA /* Products */,
				BF327FE72C14A7610029CDFA /* Frameworks */,
			);
			sourceTree = "<group>";
		};
		BF327FDE2C139BFB0029CDFA /* Products */ = {
			isa = PBXGroup;
			children = (
				BF327FDD2C139BFB0029CDFA /* Tetris-Game-OOP-C++ */,
			);
			name = Products;
			sourceTree = "<group>";
		};
		BF327FDF2C139BFB0029CDFA /* Tetris-Game-OOP-C++ */ = {
			isa = PBXGroup;
			children = (
				BF327FE02C139BFB0029CDFA /* main.cpp */,
				BF327FED2C14DF9D0029CDFA /* grid.cpp */,
				BF327FEE2C14DF9D0029CDFA /* grid.hpp */,
				BF327FF02C15E7AC0029CDFA /* block.cpp */,
				BF327FF12C15E7AC0029CDFA /* block.hpp */,
				BF327FF32C15E8C10029CDFA /* position.cpp */,
				BF327FF42C15E8C10029CDFA /* position.hpp */,
				BF327FF62C15EFB10029CDFA /* colors.cpp */,
				BF327FF72C15EFB10029CDFA /* colors.hpp */,
				BF327FF92C15FE6E0029CDFA /* blocks.cpp */,
				BF327FFA2C15FE6E0029CDFA /* blocks.hpp */,
				BF9449362C188D1F009930BA /* game.cpp */,
				BF9449372C188D1F009930BA /* game.hpp */,
			);
			path = "Tetris-Game-OOP-C++";
			sourceTree = "<group>";
		};
		BF327FE72C14A7610029CDFA /* Frameworks */ = {
			isa = PBXGroup;
			children = (
				BF327FE82C14A7610029CDFA /* libraylib.a */,
			);
			name = Frameworks;
			sourceTree = "<group>";
		};
/* End PBXGroup section */

/* Begin PBXNativeTarget section */
		BF327FDC2C139BFB0029CDFA /* Tetris-Game-OOP-C++ */ = {
			isa = PBXNativeTarget;
			buildConfigurationList = BF327FE42C139BFB0029CDFA /* Build configuration list for PBXNativeTarget "Tetris-Game-OOP-C++" */;
			buildPhases = (
				BF327FD92C139BFB0029CDFA /* Sources */,
				BF327FDA2C139BFB0029CDFA /* Frameworks */,
				BF327FDB2C139BFB0029CDFA /* CopyFiles */,
			);
			buildRules = (
			);
			dependencies = (
			);
			name = "Tetris-Game-OOP-C++";
			productName = "Tetris-Game-OOP-C++";
			productReference = BF327FDD2C139BFB0029CDFA /* Tetris-Game-OOP-C++ */;
			productType = "com.apple.product-type.tool";
		};
/* End PBXNativeTarget section */

/* Begin PBXProject section */
		BF327FD52C139BFB0029CDFA /* Project object */ = {
			isa = PBXProject;
			attributes = {
				BuildIndependentTargetsInParallel = 1;
				LastUpgradeCheck = 1520;
				TargetAttributes = {
					BF327FDC2C139BFB0029CDFA = {
						CreatedOnToolsVersion = 15.2;
					};
				};
			};
			buildConfigurationList = BF327FD82C139BFB0029CDFA /* Build configuration list for PBXProject "Tetris-Game-OOP-C++" */;
			compatibilityVersion = "Xcode 14.0";
			developmentRegion = en;
			hasScannedForEncodings = 0;
			knownRegions = (
				en,
				Base,
			);
			mainGroup = BF327FD42C139BFB0029CDFA;
			productRefGroup = BF327FDE2C139BFB0029CDFA /* Products */;
			projectDirPath = "";
			projectRoot = "";
			targets = (
				BF327FDC2C139BFB0029CDFA /* Tetris-Game-OOP-C++ */,
			);
		};
/* End PBXProject section */

/* Begin PBXSourcesBuildPhase section */
		BF327FD92C139BFB0029CDFA /* Sources */ = {
			isa = PBXSourcesBuildPhase;
			buildActionMask = 2147483647;
			files = (
				BF327FF82C15EFB10029CDFA /* colors.cpp in Sources */,
				BF327FE12C139BFB0029CDFA /* main.cpp in Sources */,
				BF9449382C188D1F009930BA /* game.cpp in Sources */,
				BF327FEF2C14DF9D0029CDFA /* grid.cpp in Sources */,
				BF327FF52C15E8C10029CDFA /* position.cpp in Sources */,
				BF327FF22C15E7AC0029CDFA /* block.cpp in Sources */,
				BF327FFB2C15FE6E0029CDFA /* blocks.cpp in Sources */,
			);
			runOnlyForDeploymentPostprocessing = 0;
		};
/* End PBXSourcesBuildPhase section */

/* Begin XCBuildConfiguration section */
		BF327FE22C139BFB0029CDFA /* Debug */ = {
			isa = XCBuildConfiguration;
			buildSettings = {
				ALWAYS_SEARCH_USER_PATHS = NO;
				ASSETCATALOG_COMPILER_GENERATE_SWIFT_ASSET_SYMBOL_EXTENSIONS = YES;
				CLANG_ANALYZER_NONNULL = YES;
				CLANG_ANALYZER_NUMBER_OBJECT_CONVERSION = YES_AGGRESSIVE;
				CLANG_CXX_LANGUAGE_STANDARD = "gnu++20";
				CLANG_ENABLE_MODULES = YES;
				CLANG_ENABLE_OBJC_ARC = YES;
				CLANG_ENABLE_OBJC_WEAK = YES;
				CLANG_WARN_BLOCK_CAPTURE_AUTORELEASING = YES;
				CLANG_WARN_BOOL_CONVERSION = YES;
				CLANG_WARN_COMMA = YES;
				CLANG_WARN_CONSTANT_CONVERSION = YES;
				CLANG_WARN_DEPRECATED_OBJC_IMPLEMENTATIONS = YES;
				CLANG_WARN_DIRECT_OBJC_ISA_USAGE = YES_ERROR;
				CLANG_WARN_DOCUMENTATION_COMMENTS = YES;
				CLANG_WARN_EMPTY_BODY = YES;
				CLANG_WARN_ENUM_CONVERSION = YES;
				CLANG_WARN_INFINITE_RECURSION = YES;
				CLANG_WARN_INT_CONVERSION = YES;
				CLANG_WARN_NON_LITERAL_NULL_CONVERSION = YES;
				CLANG_WARN_OBJC_IMPLICIT_RETAIN_SELF = YES;
				CLANG_WARN_OBJC_LITERAL_CONVERSION = YES;
				CLANG_WARN_OBJC_ROOT_CLASS = YES_ERROR;
				CLANG_WARN_QUOTED_INCLUDE_IN_FRAMEWORK_HEADER = YES;
				CLANG_WARN_RANGE_LOOP_ANALYSIS = YES;
				CLANG_WARN_STRICT_PROTOTYPES = YES;
				CLANG_WARN_SUSPICIOUS_MOVE = YES;
				CLANG_WARN_UNGUARDED_AVAILABILITY = YES_AGGRESSIVE;
				CLANG_WARN_UNREACHABLE_CODE = YES;
				CLANG_WARN__DUPLICATE_METHOD_MATCH = YES;
				COPY_PHASE_STRIP = NO;
				DEBUG_INFORMATION_FORMAT = dwarf;
				ENABLE_STRICT_OBJC_MSGSEND = YES;
				ENABLE_TESTABILITY = YES;
				ENABLE_USER_SCRIPT_SANDBOXING = YES;
				GCC_C_LANGUAGE_STANDARD = gnu17;
				GCC_DYNAMIC_NO_PIC = NO;
				GCC_NO_COMMON_BLOCKS = YES;
				GCC_OPTIMIZATION_LEVEL = 0;
				GCC_PREPROCESSOR_DEFINITIONS = (
					"DEBUG=1",
					"$(inherited)",
				);
				GCC_WARN_64_TO_32_BIT_CONVERSION = YES;
				GCC_WARN_ABOUT_RETURN_TYPE = YES_ERROR;
				GCC_WARN_UNDECLARED_SELECTOR = YES;
				GCC_WARN_UNINITIALIZED_AUTOS = YES_AGGRESSIVE;
				GCC_WARN_UNUSED_FUNCTION = YES;
				GCC_WARN_UNUSED_VARIABLE = YES;
				LOCALIZATION_PREFERS_STRING_CATALOGS = YES;
				MACOSX_DEPLOYMENT_TARGET = 14.2;
				MTL_ENABLE_DEBUG_INFO = INCLUDE_SOURCE;
				MTL_FAST_MATH = YES;
				ONLY_ACTIVE_ARCH = YES;
				SDKROOT = macosx;
			};
			name = Debug;
		};
		BF327FE32C139BFB0029CDFA /* Release */ = {
			isa = XCBuildConfiguration;
			buildSettings = {
				ALWAYS_SEARCH_USER_PATHS = NO;
				ASSETCATALOG_COMPILER_GENERATE_SWIFT_ASSET_SYMBOL_EXTENSIONS = YES;
				CLANG_ANALYZER_NONNULL = YES;
				CLANG_ANALYZER_NUMBER_OBJECT_CONVERSION = YES_AGGRESSIVE;
				CLANG_CXX_LANGUAGE_STANDARD = "gnu++20";
				CLANG_ENABLE_MODULES = YES;
				CLANG_ENABLE_OBJC_ARC = YES;
				CLANG_ENABLE_OBJC_WEAK = YES;
				CLANG_WARN_BLOCK_CAPTURE_AUTORELEASING = YES;
				CLANG_WARN_BOOL_CONVERSION = YES;
				CLANG_WARN_COMMA = YES;
				CLANG_WARN_CONSTANT_CONVERSION = YES;
				CLANG_WARN_DEPRECATED_OBJC_IMPLEMENTATIONS = YES;
				CLANG_WARN_DIRECT_OBJC_ISA_USAGE = YES_ERROR;
				CLANG_WARN_DOCUMENTATION_COMMENTS = YES;
				CLANG_WARN_EMPTY_BODY = YES;
				CLANG_WARN_ENUM_CONVERSION = YES;
				CLANG_WARN_INFINITE_RECURSION = YES;
				CLANG_WARN_INT_CONVERSION = YES;
				CLANG_WARN_NON_LITERAL_NULL_CONVERSION = YES;
				CLANG_WARN_OBJC_IMPLICIT_RETAIN_SELF = YES;
				CLANG_WARN_OBJC_LITERAL_CONVERSION = YES;
				CLANG_WARN_OBJC_ROOT_CLASS = YES_ERROR;
				CLANG_WARN_QUOTED_INCLUDE_IN_FRAMEWORK_HEADER = YES;
				CLANG_WARN_RANGE_LOOP_ANALYSIS = YES;
				CLANG_WARN_STRICT_PROTOTYPES = YES;
				CLANG_WARN_SUSPICIOUS_MOVE = YES;
				CLANG_WARN_UNGUARDED_AVAILABILITY = YES_AGGRESSIVE;
				CLANG_WARN_UNREACHABLE_CODE = YES;
				CLANG_WARN__DUPLICATE_METHOD_MATCH = YES;
				COPY_PHASE_STRIP = NO;
				DEBUG_INFORMATION_FORMAT = "dwarf-with-dsym";
				ENABLE_NS_ASSERTIONS = NO;
				ENABLE_STRICT_OBJC_MSGSEND = YES;
				ENABLE_USER_SCRIPT_SANDBOXING = YES;
				GCC_C_LANGUAGE_STANDARD = gnu17;
				GCC_NO_COMMON_BLOCKS = YES;
				GCC_WARN_64_TO_32_BIT_CONVERSION = YES;
				GCC_WARN_ABOUT_RETURN_TYPE = YES_ERROR;
				GCC_WARN_UNDECLARED_SELECTOR = YES;
				GCC_WARN_UNINITIALIZED_AUTOS = YES_AGGRESSIVE;
				GCC_WARN_UNUSED_FUNCTION = YES;
				GCC_WARN_UNUSED_VARIABLE = YES;
				LOCALIZATION_PREFERS_STRING_CATALOGS = YES;
				MACOSX_DEPLOYMENT_TARGET = 14.2;
				MTL_ENABLE_DEBUG_INFO = NO;
				MTL_FAST_MATH = YES;
				SDKROOT = macosx;
			};
			name = Release;
		};
		BF327FE52C139BFB0029CDFA /* Debug */ = {
			isa = XCBuildConfiguration;
			buildSettings = {
				CODE_SIGN_STYLE = Automatic;
				HEADER_SEARCH_PATHS = /usr/local/include;
				LIBRARY_SEARCH_PATHS = (
					/usr/local/lib,
					/usr/local/Cellar/raylib/5.0/lib,
				);
				PRODUCT_NAME = "$(TARGET_NAME)";
			};
			name = Debug;
		};
		BF327FE62C139BFB0029CDFA /* Release */ = {
			isa = XCBuildConfiguration;
			buildSettings = {
				CODE_SIGN_STYLE = Automatic;
				HEADER_SEARCH_PATHS = /usr/local/include;
				LIBRARY_SEARCH_PATHS = (
					/usr/local/lib,
					/usr/local/Cellar/raylib/5.0/lib,
				);
				PRODUCT_NAME = "$(TARGET_NAME)";
			};
			name = Release;
		};
/* End XCBuildConfiguration section */

/* Begin XCConfigurationList section */
		BF327FD82C139BFB0029CDFA /* Build configuration list for PBXProject "Tetris-Game-OOP-C++" */ = {
			isa = XCConfigurationList;
			buildConfigurations = (
				BF327FE22C139BFB0029CDFA /* Debug */,
				BF327FE32C139BFB0029CDFA /* Release */,
			);
			defaultConfigurationIsVisible = 0;
			defaultConfigurationName = Release;
		};
		BF327FE42C139BFB0029CDFA /* Build configuration list for PBXNativeTarget "Tetris-Game-OOP-C++" */ = {
			isa = XCConfigurationList;
			buildConfigurations = (
				BF327FE52C139BFB0029CDFA /* Debug */,
				BF327FE62C139BFB0029CDFA /* Release */,
			);
			defaultConfigurationIsVisible = 0;
			defaultConfigurationName = Release;
		};
/* End XCConfigurationList section */
	};
	rootObject = BF327FD52C139BFB0029CDFA /* Project object */;
}
